
Microsoft Visual Studio Solution File, Format Version 12.00
# Visual Studio 15
VisualStudioVersion = 15.0.28307.421
MinimumVisualStudioVersion = 10.0.40219.1
Project("{2150E333-8FDC-42A3-9474-1A3956D46DE8}") = "Solution Items", "Solution Items", "{7F9731A1-0D83-4E43-885D-BBC44F9B1BB6}"
	ProjectSection(SolutionItems) = preProject
		README.md = README.md
		tryDelayYieldNumbers.js = tryDelayYieldNumbers.js
		鲨鱼姬.js = 鲨鱼姬.js
	EndProjectSection
EndProject
Global
	GlobalSection(SolutionProperties) = preSolution
		HideSolutionNode = FALSE
	EndGlobalSection
	GlobalSection(ExtensibilityGlobals) = postSolution
		SolutionGuid = {87BDB3C0-6857-4066-8C0C-EF7B3725E7B6}
	EndGlobalSection
EndGlobal
